
Microsoft Visual Studio Solution File, Format Version 12.00
# Visual Studio Version 16
VisualStudioVersion = 16.0.30114.105
MinimumVisualStudioVersion = 10.0.40219.1
Project("{FAE04EC0-301F-11D3-BF4B-00C04F79EFBC}") = "API-ANGULAR", "API-ANGULAR\API-ANGULAR.csproj", "{D3B4B52C-0539-4486-8A59-BCC44380D4CD}"
EndProject
Global
	GlobalSection(SolutionConfigurationPlatforms) = preSolution
		Debug|Any CPU = Debug|Any CPU
		Release|Any CPU = Release|Any CPU
	EndGlobalSection
	GlobalSection(ProjectConfigurationPlatforms) = postSolution
		{D3B4B52C-0539-4486-8A59-BCC44380D4CD}.Debug|Any CPU.ActiveCfg = Debug|Any CPU
		{D3B4B52C-0539-4486-8A59-BCC44380D4CD}.Debug|Any CPU.Build.0 = Debug|Any CPU
		{D3B4B52C-0539-4486-8A59-BCC44380D4CD}.Release|Any CPU.ActiveCfg = Release|Any CPU
		{D3B4B52C-0539-4486-8A59-BCC44380D4CD}.Release|Any CPU.Build.0 = Release|Any CPU
	EndGlobalSection
	GlobalSection(SolutionProperties) = preSolution
		HideSolutionNode = FALSE
	EndGlobalSection
	GlobalSection(ExtensibilityGlobals) = postSolution
		SolutionGuid = {8C647AEE-9E6F-4DA9-9AFC-82574A8E5E83}
	EndGlobalSection
EndGlobal
